{
  "name": "cidx-graph-explorer",
  "version": "0.1.0",
  "lockfileVersion": 3,
  "requires": true,
  "packages": {
    "": {
      "name": "cidx-graph-explorer",
      "version": "0.1.0",
      "dependencies": {
        "cytoscape": "3.31.2"
      }
    },
    "node_modules/cytoscape": {
      "version": "3.31.2",
      "resolved": "https://registry.npmjs.org/cytoscape/-/cytoscape-3.31.2.tgz",
      "integrity": "sha512-/eOXg2uGdMdpGlEes5Sf6zE+jUG+05f3htFNQIxLxduOH/SsaUZiPBfAwP1btVIVzsnhiNOdi+hvDRLYfMZjGw==",
      "license": "MIT",
      "engines": {
        "node": ">=0.10"
      }
    }
  }
}
